
Microsoft Visual Studio Solution File, Format Version 12.00
# Visual Studio Version 17
VisualStudioVersion = 17.7.34031.279
MinimumVisualStudioVersion = 10.0.40219.1
Project("{FAE04EC0-301F-11D3-BF4B-00C04F79EFBC}") = "linq_01", "linq_01.csproj", "{77F84D33-988D-4D73-997C-077F826B83B1}"
EndProject
Global
	GlobalSection(SolutionConfigurationPlatforms) = preSolution
		Debug|Any CPU = Debug|Any CPU
		Release|Any CPU = Release|Any CPU
	EndGlobalSection
	GlobalSection(ProjectConfigurationPlatforms) = postSolution
		{77F84D33-988D-4D73-997C-077F826B83B1}.Debug|Any CPU.ActiveCfg = Debug|Any CPU
		{77F84D33-988D-4D73-997C-077F826B83B1}.Debug|Any CPU.Build.0 = Debug|Any CPU
		{77F84D33-988D-4D73-997C-077F826B83B1}.Release|Any CPU.ActiveCfg = Release|Any CPU
		{77F84D33-988D-4D73-997C-077F826B83B1}.Release|Any CPU.Build.0 = Release|Any CPU
	EndGlobalSection
	GlobalSection(SolutionProperties) = preSolution
		HideSolutionNode = FALSE
	EndGlobalSection
	GlobalSection(ExtensibilityGlobals) = postSolution
		SolutionGuid = {56CD29E4-6025-495D-A78E-A8FAEB707CF7}
	EndGlobalSection
EndGlobal
